
Microsoft Visual Studio Solution File, Format Version 12.00
# Visual Studio Version 17
VisualStudioVersion = 17.1.32228.430
MinimumVisualStudioVersion = 10.0.40219.1
Project("{9A19103F-16F7-4668-BE54-9A1E7A4F7556}") = "Restaurant", "Restaurant\Restaurant.csproj", "{EDB65C52-3D93-4C0B-8317-ED2D951CC762}"
EndProject
Global
	GlobalSection(SolutionConfigurationPlatforms) = preSolution
		Debug|Any CPU = Debug|Any CPU
		Release|Any CPU = Release|Any CPU
	EndGlobalSection
	GlobalSection(ProjectConfigurationPlatforms) = postSolution
		{EDB65C52-3D93-4C0B-8317-ED2D951CC762}.Debug|Any CPU.ActiveCfg = Debug|Any CPU
		{EDB65C52-3D93-4C0B-8317-ED2D951CC762}.Debug|Any CPU.Build.0 = Debug|Any CPU
		{EDB65C52-3D93-4C0B-8317-ED2D951CC762}.Release|Any CPU.ActiveCfg = Release|Any CPU
		{EDB65C52-3D93-4C0B-8317-ED2D951CC762}.Release|Any CPU.Build.0 = Release|Any CPU
	EndGlobalSection
	GlobalSection(SolutionProperties) = preSolution
		HideSolutionNode = FALSE
	EndGlobalSection
	GlobalSection(ExtensibilityGlobals) = postSolution
		SolutionGuid = {8EAAAFE4-9F77-436D-A7F3-B37684FA3E9A}
	EndGlobalSection
EndGlobal
